
Microsoft Visual Studio Solution File, Format Version 12.00
# Visual Studio Version 17
VisualStudioVersion = 17.6.33829.357
MinimumVisualStudioVersion = 10.0.40219.1
Project("{FAE04EC0-301F-11D3-BF4B-00C04F79EFBC}") = "TextRPG", "TextRPG\TextRPG.csproj", "{4AFEE192-DEAA-4DA0-9144-6B8D7BAA482B}"
EndProject
Global
	GlobalSection(SolutionConfigurationPlatforms) = preSolution
		Debug|Any CPU = Debug|Any CPU
		Release|Any CPU = Release|Any CPU
	EndGlobalSection
	GlobalSection(ProjectConfigurationPlatforms) = postSolution
		{4AFEE192-DEAA-4DA0-9144-6B8D7BAA482B}.Debug|Any CPU.ActiveCfg = Debug|Any CPU
		{4AFEE192-DEAA-4DA0-9144-6B8D7BAA482B}.Debug|Any CPU.Build.0 = Debug|Any CPU
		{4AFEE192-DEAA-4DA0-9144-6B8D7BAA482B}.Release|Any CPU.ActiveCfg = Release|Any CPU
		{4AFEE192-DEAA-4DA0-9144-6B8D7BAA482B}.Release|Any CPU.Build.0 = Release|Any CPU
	EndGlobalSection
	GlobalSection(SolutionProperties) = preSolution
		HideSolutionNode = FALSE
	EndGlobalSection
	GlobalSection(ExtensibilityGlobals) = postSolution
		SolutionGuid = {7BACFB65-6A5D-4D89-825D-2F5D73E157C7}
	EndGlobalSection
EndGlobal
